// !$*UTF8*$!
{
	archiveVersion = 1;
	classes = {
	};
	objectVersion = 46;
	objects = {

/* Begin PBXBuildFile section */
		4618354B1F9B8B5C00EEB996 /* 12.png in Resources */ = {isa = PBXBuildFile; fileRef = 4618354A1F9B8B5C00EEB996 /* 12.png */; };
		4618354E1F9B9DFE00EEB996 /* Dview.m in Sources */ = {isa = PBXBuildFile; fileRef = 4618354D1F9B9DFE00EEB996 /* Dview.m */; };
		5717444F1F973FD700D94028 /* Letimer.m in Sources */ = {isa = PBXBuildFile; fileRef = 5717444E1F973FD700D94028 /* Letimer.m */; };
		57239AB11F984FF0000B22B7 /* 010.png in Resources */ = {isa = PBXBuildFile; fileRef = 57239AB01F984FF0000B22B7 /* 010.png */; };
		57239AB31F98776E000B22B7 /* 011.png in Resources */ = {isa = PBXBuildFile; fileRef = 57239AB21F98776E000B22B7 /* 011.png */; };
		57239AB51F9882C2000B22B7 /* 037.png in Resources */ = {isa = PBXBuildFile; fileRef = 57239AB41F9882C2000B22B7 /* 037.png */; };
		57239AB71F98846A000B22B7 /* 001.png in Resources */ = {isa = PBXBuildFile; fileRef = 57239AB61F98846A000B22B7 /* 001.png */; };
		57239ABA1F988D94000B22B7 /* LeTableViewController.m in Sources */ = {isa = PBXBuildFile; fileRef = 57239AB91F988D94000B22B7 /* LeTableViewController.m */; };
		57239ABD1F989072000B22B7 /* ProgressViewVC.m in Sources */ = {isa = PBXBuildFile; fileRef = 57239ABC1F989072000B22B7 /* ProgressViewVC.m */; };
		57239AC01F98909D000B22B7 /* LayerAnimationVC.m in Sources */ = {isa = PBXBuildFile; fileRef = 57239ABF1F98909D000B22B7 /* LayerAnimationVC.m */; };
		57239AC31F9890B0000B22B7 /* KeyAnimationVC.m in Sources */ = {isa = PBXBuildFile; fileRef = 57239AC21F9890B0000B22B7 /* KeyAnimationVC.m */; };
		57239AC61F9890DD000B22B7 /* TransFormAnimatonVC.m in Sources */ = {isa = PBXBuildFile; fileRef = 57239AC51F9890DD000B22B7 /* TransFormAnimatonVC.m */; };
		57239ACD1F98B02B000B22B7 /* CircleProgressView.m in Sources */ = {isa = PBXBuildFile; fileRef = 57239ACC1F98B02B000B22B7 /* CircleProgressView.m */; };
		5724B94B1F9097EB00A2951D /* main.m in Sources */ = {isa = PBXBuildFile; fileRef = 5724B94A1F9097EB00A2951D /* main.m */; };
		5724B94E1F9097EB00A2951D /* AppDelegate.m in Sources */ = {isa = PBXBuildFile; fileRef = 5724B94D1F9097EB00A2951D /* AppDelegate.m */; };
		5724B9511F9097EB00A2951D /* ViewController.m in Sources */ = {isa = PBXBuildFile; fileRef = 5724B9501F9097EB00A2951D /* ViewController.m */; };
		5724B9541F9097EB00A2951D /* Main.storyboard in Resources */ = {isa = PBXBuildFile; fileRef = 5724B9521F9097EB00A2951D /* Main.storyboard */; };
		5724B9561F9097EB00A2951D /* Assets.xcassets in Resources */ = {isa = PBXBuildFile; fileRef = 5724B9551F9097EB00A2951D /* Assets.xcassets */; };
		5724B9591F9097EB00A2951D /* LaunchScreen.storyboard in Resources */ = {isa = PBXBuildFile; fileRef = 5724B9571F9097EB00A2951D /* LaunchScreen.storyboard */; };
		5724B9681F90AB1B00A2951D /* LeProgressView.m in Sources */ = {isa = PBXBuildFile; fileRef = 5724B9671F90AB1B00A2951D /* LeProgressView.m */; };
		576319981F9994460074693E /* WaveProgressView.m in Sources */ = {isa = PBXBuildFile; fileRef = 576319971F9994460074693E /* WaveProgressView.m */; };
		5763199B1F99AC150074693E /* LoadProgressView.m in Sources */ = {isa = PBXBuildFile; fileRef = 5763199A1F99AC150074693E /* LoadProgressView.m */; };
		5763199E1F99AC340074693E /* HemicycleLoadProgressView.m in Sources */ = {isa = PBXBuildFile; fileRef = 5763199D1F99AC340074693E /* HemicycleLoadProgressView.m */; };
		576319A11F99AC380074693E /* AiQIYiLoadProgerssView.m in Sources */ = {isa = PBXBuildFile; fileRef = 576319A01F99AC380074693E /* AiQIYiLoadProgerssView.m */; };
		576319A41F99D8940074693E /* ColorProgressView.m in Sources */ = {isa = PBXBuildFile; fileRef = 576319A31F99D8940074693E /* ColorProgressView.m */; };
		576319A61F9A0AE10074693E /* LocusView.m in Sources */ = {isa = PBXBuildFile; fileRef = 576319A51F9A0AE10074693E /* LocusView.m */; };
		578D20F81F95B0E3006E5545 /* CAShapeLayer+ChatViewMask.m in Sources */ = {isa = PBXBuildFile; fileRef = 578D20F71F95B0E3006E5545 /* CAShapeLayer+ChatViewMask.m */; };
		57E0CDA11F9B454400836033 /* ImageCut.m in Sources */ = {isa = PBXBuildFile; fileRef = 57E0CDA01F9B454400836033 /* ImageCut.m */; };
		57E0CDA61F9B47F300836033 /* 1.jpg in Resources */ = {isa = PBXBuildFile; fileRef = 57E0CDA51F9B47F300836033 /* 1.jpg */; };
/* End PBXBuildFile section */

/* Begin PBXFileReference section */
		4618354A1F9B8B5C00EEB996 /* 12.png */ = {isa = PBXFileReference; lastKnownFileType = image.png; path = 12.png; sourceTree = "<group>"; };
		4618354C1F9B9DFE00EEB996 /* Dview.h */ = {isa = PBXFileReference; fileEncoding = 4; lastKnownFileType = sourcecode.c.h; path = Dview.h; sourceTree = "<group>"; };
		4618354D1F9B9DFE00EEB996 /* Dview.m */ = {isa = PBXFileReference; fileEncoding = 4; lastKnownFileType = sourcecode.c.objc; path = Dview.m; sourceTree = "<group>"; };
		5717444D1F973FD700D94028 /* Letimer.h */ = {isa = PBXFileReference; fileEncoding = 4; lastKnownFileType = sourcecode.c.h; path = Letimer.h; sourceTree = "<group>"; };
		5717444E1F973FD700D94028 /* Letimer.m */ = {isa = PBXFileReference; fileEncoding = 4; lastKnownFileType = sourcecode.c.objc; path = Letimer.m; sourceTree = "<group>"; };
		57239AB01F984FF0000B22B7 /* 010.png */ = {isa = PBXFileReference; lastKnownFileType = image.png; path = 010.png; sourceTree = "<group>"; };
		57239AB21F98776E000B22B7 /* 011.png */ = {isa = PBXFileReference; lastKnownFileType = image.png; path = 011.png; sourceTree = "<group>"; };
		57239AB41F9882C2000B22B7 /* 037.png */ = {isa = PBXFileReference; lastKnownFileType = image.png; path = 037.png; sourceTree = "<group>"; };
		57239AB61F98846A000B22B7 /* 001.png */ = {isa = PBXFileReference; lastKnownFileType = image.png; path = 001.png; sourceTree = "<group>"; };
		57239AB81F988D94000B22B7 /* LeTableViewController.h */ = {isa = PBXFileReference; fileEncoding = 4; lastKnownFileType = sourcecode.c.h; path = LeTableViewController.h; sourceTree = "<group>"; };
		57239AB91F988D94000B22B7 /* LeTableViewController.m */ = {isa = PBXFileReference; fileEncoding = 4; lastKnownFileType = sourcecode.c.objc; path = LeTableViewController.m; sourceTree = "<group>"; };
		57239ABB1F989072000B22B7 /* ProgressViewVC.h */ = {isa = PBXFileReference; fileEncoding = 4; lastKnownFileType = sourcecode.c.h; name = ProgressViewVC.h; path = ../../ProgressViewVC.h; sourceTree = "<group>"; };
		57239ABC1F989072000B22B7 /* ProgressViewVC.m */ = {isa = PBXFileReference; fileEncoding = 4; lastKnownFileType = sourcecode.c.objc; name = ProgressViewVC.m; path = ../../ProgressViewVC.m; sourceTree = "<group>"; };
		57239ABE1F98909D000B22B7 /* LayerAnimationVC.h */ = {isa = PBXFileReference; fileEncoding = 4; lastKnownFileType = sourcecode.c.h; name = LayerAnimationVC.h; path = ../../LayerAnimationVC.h; sourceTree = "<group>"; };
		57239ABF1F98909D000B22B7 /* LayerAnimationVC.m */ = {isa = PBXFileReference; fileEncoding = 4; lastKnownFileType = sourcecode.c.objc; name = LayerAnimationVC.m; path = ../../LayerAnimationVC.m; sourceTree = "<group>"; };
		57239AC11F9890B0000B22B7 /* KeyAnimationVC.h */ = {isa = PBXFileReference; fileEncoding = 4; lastKnownFileType = sourcecode.c.h; name = KeyAnimationVC.h; path = ../../KeyAnimationVC.h; sourceTree = "<group>"; };
		57239AC21F9890B0000B22B7 /* KeyAnimationVC.m */ = {isa = PBXFileReference; fileEncoding = 4; lastKnownFileType = sourcecode.c.objc; name = KeyAnimationVC.m; path = ../../KeyAnimationVC.m; sourceTree = "<group>"; };
		57239AC41F9890DD000B22B7 /* TransFormAnimatonVC.h */ = {isa = PBXFileReference; fileEncoding = 4; lastKnownFileType = sourcecode.c.h; name = TransFormAnimatonVC.h; path = ../../TransFormAnimatonVC.h; sourceTree = "<group>"; };
		57239AC51F9890DD000B22B7 /* TransFormAnimatonVC.m */ = {isa = PBXFileReference; fileEncoding = 4; lastKnownFileType = sourcecode.c.objc; name = TransFormAnimatonVC.m; path = ../../TransFormAnimatonVC.m; sourceTree = "<group>"; };
		57239ACB1F98B02B000B22B7 /* CircleProgressView.h */ = {isa = PBXFileReference; fileEncoding = 4; lastKnownFileType = sourcecode.c.h; path = CircleProgressView.h; sourceTree = "<group>"; };
		57239ACC1F98B02B000B22B7 /* CircleProgressView.m */ = {isa = PBXFileReference; fileEncoding = 4; lastKnownFileType = sourcecode.c.objc; path = CircleProgressView.m; sourceTree = "<group>"; };
		5724B9461F9097EB00A2951D /* Animationsss.app */ = {isa = PBXFileReference; explicitFileType = wrapper.application; includeInIndex = 0; path = Animationsss.app; sourceTree = BUILT_PRODUCTS_DIR; };
		5724B94A1F9097EB00A2951D /* main.m */ = {isa = PBXFileReference; lastKnownFileType = sourcecode.c.objc; path = main.m; sourceTree = "<group>"; };
		5724B94C1F9097EB00A2951D /* AppDelegate.h */ = {isa = PBXFileReference; lastKnownFileType = sourcecode.c.h; path = AppDelegate.h; sourceTree = "<group>"; };
		5724B94D1F9097EB00A2951D /* AppDelegate.m */ = {isa = PBXFileReference; lastKnownFileType = sourcecode.c.objc; path = AppDelegate.m; sourceTree = "<group>"; };
		5724B94F1F9097EB00A2951D /* ViewController.h */ = {isa = PBXFileReference; lastKnownFileType = sourcecode.c.h; path = ViewController.h; sourceTree = "<group>"; };
		5724B9501F9097EB00A2951D /* ViewController.m */ = {isa = PBXFileReference; lastKnownFileType = sourcecode.c.objc; path = ViewController.m; sourceTree = "<group>"; };
		5724B9531F9097EB00A2951D /* Base */ = {isa = PBXFileReference; lastKnownFileType = file.storyboard; name = Base; path = Base.lproj/Main.storyboard; sourceTree = "<group>"; };
		5724B9551F9097EB00A2951D /* Assets.xcassets */ = {isa = PBXFileReference; lastKnownFileType = folder.assetcatalog; path = Assets.xcassets; sourceTree = "<group>"; };
		5724B9581F9097EB00A2951D /* Base */ = {isa = PBXFileReference; lastKnownFileType = file.storyboard; name = Base; path = Base.lproj/LaunchScreen.storyboard; sourceTree = "<group>"; };
		5724B95A1F9097EB00A2951D /* Info.plist */ = {isa = PBXFileReference; lastKnownFileType = text.plist.xml; path = Info.plist; sourceTree = "<group>"; };
		5724B9661F90AB1B00A2951D /* LeProgressView.h */ = {isa = PBXFileReference; fileEncoding = 4; lastKnownFileType = sourcecode.c.h; name = LeProgressView.h; path = ../../LeProgressView.h; sourceTree = "<group>"; };
		5724B9671F90AB1B00A2951D /* LeProgressView.m */ = {isa = PBXFileReference; fileEncoding = 4; lastKnownFileType = sourcecode.c.objc; name = LeProgressView.m; path = ../../LeProgressView.m; sourceTree = "<group>"; };
		576319961F9994460074693E /* WaveProgressView.h */ = {isa = PBXFileReference; fileEncoding = 4; lastKnownFileType = sourcecode.c.h; path = WaveProgressView.h; sourceTree = "<group>"; };
		576319971F9994460074693E /* WaveProgressView.m */ = {isa = PBXFileReference; fileEncoding = 4; lastKnownFileType = sourcecode.c.objc; path = WaveProgressView.m; sourceTree = "<group>"; };
		576319991F99AC150074693E /* LoadProgressView.h */ = {isa = PBXFileReference; fileEncoding = 4; lastKnownFileType = sourcecode.c.h; path = LoadProgressView.h; sourceTree = "<group>"; };
		5763199A1F99AC150074693E /* LoadProgressView.m */ = {isa = PBXFileReference; fileEncoding = 4; lastKnownFileType = sourcecode.c.objc; path = LoadProgressView.m; sourceTree = "<group>"; };
		5763199C1F99AC340074693E /* HemicycleLoadProgressView.h */ = {isa = PBXFileReference; fileEncoding = 4; lastKnownFileType = sourcecode.c.h; path = HemicycleLoadProgressView.h; sourceTree = "<group>"; };
		5763199D1F99AC340074693E /* HemicycleLoadProgressView.m */ = {isa = PBXFileReference; fileEncoding = 4; lastKnownFileType = sourcecode.c.objc; path = HemicycleLoadProgressView.m; sourceTree = "<group>"; };
		5763199F1F99AC380074693E /* AiQIYiLoadProgerssView.h */ = {isa = PBXFileReference; fileEncoding = 4; lastKnownFileType = sourcecode.c.h; path = AiQIYiLoadProgerssView.h; sourceTree = "<group>"; };
		576319A01F99AC380074693E /* AiQIYiLoadProgerssView.m */ = {isa = PBXFileReference; fileEncoding = 4; lastKnownFileType = sourcecode.c.objc; path = AiQIYiLoadProgerssView.m; sourceTree = "<group>"; };
		576319A21F99D8940074693E /* ColorProgressView.h */ = {isa = PBXFileReference; fileEncoding = 4; lastKnownFileType = sourcecode.c.h; path = ColorProgressView.h; sourceTree = "<group>"; };
		576319A31F99D8940074693E /* ColorProgressView.m */ = {isa = PBXFileReference; fileEncoding = 4; lastKnownFileType = sourcecode.c.objc; path = ColorProgressView.m; sourceTree = "<group>"; };
		576319A51F9A0AE10074693E /* LocusView.m */ = {isa = PBXFileReference; fileEncoding = 4; lastKnownFileType = sourcecode.c.objc; path = LocusView.m; sourceTree = "<group>"; };
		578D20F61F95B0E3006E5545 /* CAShapeLayer+ChatViewMask.h */ = {isa = PBXFileReference; fileEncoding = 4; lastKnownFileType = sourcecode.c.h; path = "CAShapeLayer+ChatViewMask.h"; sourceTree = "<group>"; };
		578D20F71F95B0E3006E5545 /* CAShapeLayer+ChatViewMask.m */ = {isa = PBXFileReference; fileEncoding = 4; lastKnownFileType = sourcecode.c.objc; path = "CAShapeLayer+ChatViewMask.m"; sourceTree = "<group>"; };
		57E0CD9F1F9B454400836033 /* ImageCut.h */ = {isa = PBXFileReference; fileEncoding = 4; lastKnownFileType = sourcecode.c.h; path = ImageCut.h; sourceTree = "<group>"; };
		57E0CDA01F9B454400836033 /* ImageCut.m */ = {isa = PBXFileReference; fileEncoding = 4; lastKnownFileType = sourcecode.c.objc; path = ImageCut.m; sourceTree = "<group>"; };
		57E0CDA21F9B45F500836033 /* LocusView.h */ = {isa = PBXFileReference; fileEncoding = 4; lastKnownFileType = sourcecode.c.h; path = LocusView.h; sourceTree = "<group>"; };
		57E0CDA51F9B47F300836033 /* 1.jpg */ = {isa = PBXFileReference; lastKnownFileType = image.jpeg; path = 1.jpg; sourceTree = "<group>"; };
/* End PBXFileReference section */

/* Begin PBXFrameworksBuildPhase section */
		5724B9431F9097EB00A2951D /* Frameworks */ = {
			isa = PBXFrameworksBuildPhase;
			buildActionMask = 2147483647;
			files = (
			);
			runOnlyForDeploymentPostprocessing = 0;
		};
/* End PBXFrameworksBuildPhase section */

/* Begin PBXGroup section */
		57239AC71F98AFEF000B22B7 /* KeyAnimationVC */ = {
			isa = PBXGroup;
			children = (
				57E0CDA21F9B45F500836033 /* LocusView.h */,
				576319A51F9A0AE10074693E /* LocusView.m */,
				57239AC11F9890B0000B22B7 /* KeyAnimationVC.h */,
				57239AC21F9890B0000B22B7 /* KeyAnimationVC.m */,
				4618354C1F9B9DFE00EEB996 /* Dview.h */,
				4618354D1F9B9DFE00EEB996 /* Dview.m */,
			);
			path = KeyAnimationVC;
			sourceTree = "<group>";
		};
		57239AC81F98AFEF000B22B7 /* LayerAnimationVC */ = {
			isa = PBXGroup;
			children = (
				57239ABE1F98909D000B22B7 /* LayerAnimationVC.h */,
				57239ABF1F98909D000B22B7 /* LayerAnimationVC.m */,
			);
			path = LayerAnimationVC;
			sourceTree = "<group>";
		};
		57239AC91F98AFEF000B22B7 /* ProgressViewVC */ = {
			isa = PBXGroup;
			children = (
				57239ABB1F989072000B22B7 /* ProgressViewVC.h */,
				57239ABC1F989072000B22B7 /* ProgressViewVC.m */,
				5724B9661F90AB1B00A2951D /* LeProgressView.h */,
				5724B9671F90AB1B00A2951D /* LeProgressView.m */,
				57239ACB1F98B02B000B22B7 /* CircleProgressView.h */,
				57239ACC1F98B02B000B22B7 /* CircleProgressView.m */,
				576319961F9994460074693E /* WaveProgressView.h */,
				576319971F9994460074693E /* WaveProgressView.m */,
				576319991F99AC150074693E /* LoadProgressView.h */,
				5763199A1F99AC150074693E /* LoadProgressView.m */,
				5763199C1F99AC340074693E /* HemicycleLoadProgressView.h */,
				5763199D1F99AC340074693E /* HemicycleLoadProgressView.m */,
				5763199F1F99AC380074693E /* AiQIYiLoadProgerssView.h */,
				576319A01F99AC380074693E /* AiQIYiLoadProgerssView.m */,
				576319A21F99D8940074693E /* ColorProgressView.h */,
				576319A31F99D8940074693E /* ColorProgressView.m */,
			);
			path = ProgressViewVC;
			sourceTree = "<group>";
		};
		57239ACA1F98AFEF000B22B7 /* TransFormAnimatonVC */ = {
			isa = PBXGroup;
			children = (
				57239AC41F9890DD000B22B7 /* TransFormAnimatonVC.h */,
				57239AC51F9890DD000B22B7 /* TransFormAnimatonVC.m */,
			);
			path = TransFormAnimatonVC;
			sourceTree = "<group>";
		};
		5724B93D1F9097EA00A2951D = {
			isa = PBXGroup;
			children = (
				57239AB01F984FF0000B22B7 /* 010.png */,
				57239AB41F9882C2000B22B7 /* 037.png */,
				57239AB61F98846A000B22B7 /* 001.png */,
				57239AB21F98776E000B22B7 /* 011.png */,
				4618354A1F9B8B5C00EEB996 /* 12.png */,
				57E0CDA51F9B47F300836033 /* 1.jpg */,
				5717444D1F973FD700D94028 /* Letimer.h */,
				5717444E1F973FD700D94028 /* Letimer.m */,
				578D20F61F95B0E3006E5545 /* CAShapeLayer+ChatViewMask.h */,
				578D20F71F95B0E3006E5545 /* CAShapeLayer+ChatViewMask.m */,
				5724B9481F9097EB00A2951D /* Animationsss */,
				5724B9471F9097EB00A2951D /* Products */,
			);
			sourceTree = "<group>";
		};
		5724B9471F9097EB00A2951D /* Products */ = {
			isa = PBXGroup;
			children = (
				5724B9461F9097EB00A2951D /* Animationsss.app */,
			);
			name = Products;
			sourceTree = "<group>";
		};
		5724B9481F9097EB00A2951D /* Animationsss */ = {
			isa = PBXGroup;
			children = (
				57E0CD9E1F9B452500836033 /* Tool */,
				57239AC71F98AFEF000B22B7 /* KeyAnimationVC */,
				57239AC81F98AFEF000B22B7 /* LayerAnimationVC */,
				57239AC91F98AFEF000B22B7 /* ProgressViewVC */,
				57239ACA1F98AFEF000B22B7 /* TransFormAnimatonVC */,
				5724B94C1F9097EB00A2951D /* AppDelegate.h */,
				5724B94D1F9097EB00A2951D /* AppDelegate.m */,
				57239AB81F988D94000B22B7 /* LeTableViewController.h */,
				57239AB91F988D94000B22B7 /* LeTableViewController.m */,
				5724B94F1F9097EB00A2951D /* ViewController.h */,
				5724B9501F9097EB00A2951D /* ViewController.m */,
				5724B9521F9097EB00A2951D /* Main.storyboard */,
				5724B9551F9097EB00A2951D /* Assets.xcassets */,
				5724B9571F9097EB00A2951D /* LaunchScreen.storyboard */,
				5724B95A1F9097EB00A2951D /* Info.plist */,
				5724B9491F9097EB00A2951D /* Supporting Files */,
			);
			path = Animationsss;
			sourceTree = "<group>";
		};
		5724B9491F9097EB00A2951D /* Supporting Files */ = {
			isa = PBXGroup;
			children = (
				5724B94A1F9097EB00A2951D /* main.m */,
			);
			name = "Supporting Files";
			sourceTree = "<group>";
		};
		57E0CD9E1F9B452500836033 /* Tool */ = {
			isa = PBXGroup;
			children = (
				57E0CD9F1F9B454400836033 /* ImageCut.h */,
				57E0CDA01F9B454400836033 /* ImageCut.m */,
			);
			path = Tool;
			sourceTree = "<group>";
		};
/* End PBXGroup section */

/* Begin PBXNativeTarget section */
		5724B9451F9097EB00A2951D /* Animationsss */ = {
			isa = PBXNativeTarget;
			buildConfigurationList = 5724B95D1F9097EB00A2951D /* Build configuration list for PBXNativeTarget "Animationsss" */;
			buildPhases = (
				5724B9421F9097EB00A2951D /* Sources */,
				5724B9431F9097EB00A2951D /* Frameworks */,
				5724B9441F9097EB00A2951D /* Resources */,
			);
			buildRules = (
			);
			dependencies = (
			);
			name = Animationsss;
			productName = Animationsss;
			productReference = 5724B9461F9097EB00A2951D /* Animationsss.app */;
			productType = "com.apple.product-type.application";
		};
/* End PBXNativeTarget section */

/* Begin PBXProject section */
		5724B93E1F9097EA00A2951D /* Project object */ = {
			isa = PBXProject;
			attributes = {
				LastUpgradeCheck = 0830;
				ORGANIZATIONNAME = le;
				TargetAttributes = {
					5724B9451F9097EB00A2951D = {
						CreatedOnToolsVersion = 8.3.2;
						DevelopmentTeam = T44W49PLS6;
						ProvisioningStyle = Automatic;
					};
				};
			};
			buildConfigurationList = 5724B9411F9097EA00A2951D /* Build configuration list for PBXProject "Animationsss" */;
			compatibilityVersion = "Xcode 3.2";
			developmentRegion = English;
			hasScannedForEncodings = 0;
			knownRegions = (
				en,
				Base,
			);
			mainGroup = 5724B93D1F9097EA00A2951D;
			productRefGroup = 5724B9471F9097EB00A2951D /* Products */;
			projectDirPath = "";
			projectRoot = "";
			targets = (
				5724B9451F9097EB00A2951D /* Animationsss */,
			);
		};
/* End PBXProject section */

/* Begin PBXResourcesBuildPhase section */
		5724B9441F9097EB00A2951D /* Resources */ = {
			isa = PBXResourcesBuildPhase;
			buildActionMask = 2147483647;
			files = (
				57239AB51F9882C2000B22B7 /* 037.png in Resources */,
				5724B9591F9097EB00A2951D /* LaunchScreen.storyboard in Resources */,
				5724B9561F9097EB00A2951D /* Assets.xcassets in Resources */,
				57239AB71F98846A000B22B7 /* 001.png in Resources */,
				4618354B1F9B8B5C00EEB996 /* 12.png in Resources */,
				57239AB31F98776E000B22B7 /* 011.png in Resources */,
				57E0CDA61F9B47F300836033 /* 1.jpg in Resources */,
				5724B9541F9097EB00A2951D /* Main.storyboard in Resources */,
				57239AB11F984FF0000B22B7 /* 010.png in Resources */,
			);
			runOnlyForDeploymentPostprocessing = 0;
		};
/* End PBXResourcesBuildPhase section */

/* Begin PBXSourcesBuildPhase section */
		5724B9421F9097EB00A2951D /* Sources */ = {
			isa = PBXSourcesBuildPhase;
			buildActionMask = 2147483647;
			files = (
				576319981F9994460074693E /* WaveProgressView.m in Sources */,
				5717444F1F973FD700D94028 /* Letimer.m in Sources */,
				57239AC31F9890B0000B22B7 /* KeyAnimationVC.m in Sources */,
				5763199B1F99AC150074693E /* LoadProgressView.m in Sources */,
				5724B9681F90AB1B00A2951D /* LeProgressView.m in Sources */,
				5724B9511F9097EB00A2951D /* ViewController.m in Sources */,
				57E0CDA11F9B454400836033 /* ImageCut.m in Sources */,
				57239AC61F9890DD000B22B7 /* TransFormAnimatonVC.m in Sources */,
				57239ACD1F98B02B000B22B7 /* CircleProgressView.m in Sources */,
				578D20F81F95B0E3006E5545 /* CAShapeLayer+ChatViewMask.m in Sources */,
				576319A61F9A0AE10074693E /* LocusView.m in Sources */,
				576319A11F99AC380074693E /* AiQIYiLoadProgerssView.m in Sources */,
				57239ABD1F989072000B22B7 /* ProgressViewVC.m in Sources */,
				5763199E1F99AC340074693E /* HemicycleLoadProgressView.m in Sources */,
				5724B94E1F9097EB00A2951D /* AppDelegate.m in Sources */,
				5724B94B1F9097EB00A2951D /* main.m in Sources */,
				57239AC01F98909D000B22B7 /* LayerAnimationVC.m in Sources */,
				4618354E1F9B9DFE00EEB996 /* Dview.m in Sources */,
				576319A41F99D8940074693E /* ColorProgressView.m in Sources */,
				57239ABA1F988D94000B22B7 /* LeTableViewController.m in Sources */,
			);
			runOnlyForDeploymentPostprocessing = 0;
		};
/* End PBXSourcesBuildPhase section */

/* Begin PBXVariantGroup section */
		5724B9521F9097EB00A2951D /* Main.storyboard */ = {
			isa = PBXVariantGroup;
			children = (
				5724B9531F9097EB00A2951D /* Base */,
			);
			name = Main.storyboard;
			sourceTree = "<group>";
		};
		5724B9571F9097EB00A2951D /* LaunchScreen.storyboard */ = {
			isa = PBXVariantGroup;
			children = (
				5724B9581F9097EB00A2951D /* Base */,
			);
			name = LaunchScreen.storyboard;
			sourceTree = "<group>";
		};
/* End PBXVariantGroup section */

/* Begin XCBuildConfiguration section */
		5724B95B1F9097EB00A2951D /* Debug */ = {
			isa = XCBuildConfiguration;
			buildSettings = {
				ALWAYS_SEARCH_USER_PATHS = NO;
				CLANG_ANALYZER_NONNULL = YES;
				CLANG_ANALYZER_NUMBER_OBJECT_CONVERSION = YES_AGGRESSIVE;
				CLANG_CXX_LANGUAGE_STANDARD = "gnu++0x";
				CLANG_CXX_LIBRARY = "libc++";
				CLANG_ENABLE_MODULES = YES;
				CLANG_ENABLE_OBJC_ARC = YES;
				CLANG_WARN_BOOL_CONVERSION = YES;
				CLANG_WARN_CONSTANT_CONVERSION = YES;
				CLANG_WARN_DIRECT_OBJC_ISA_USAGE = YES_ERROR;
				CLANG_WARN_DOCUMENTATION_COMMENTS = YES;
				CLANG_WARN_EMPTY_BODY = YES;
				CLANG_WARN_ENUM_CONVERSION = YES;
				CLANG_WARN_INFINITE_RECURSION = YES;
				CLANG_WARN_INT_CONVERSION = YES;
				CLANG_WARN_OBJC_ROOT_CLASS = YES_ERROR;
				CLANG_WARN_SUSPICIOUS_MOVE = YES;
				CLANG_WARN_UNREACHABLE_CODE = YES;
				CLANG_WARN__DUPLICATE_METHOD_MATCH = YES;
				"CODE_SIGN_IDENTITY[sdk=iphoneos*]" = "iPhone Developer";
				COPY_PHASE_STRIP = NO;
				DEBUG_INFORMATION_FORMAT = dwarf;
				ENABLE_STRICT_OBJC_MSGSEND = YES;
				ENABLE_TESTABILITY = YES;
				GCC_C_LANGUAGE_STANDARD = gnu99;
				GCC_DYNAMIC_NO_PIC = NO;
				GCC_NO_COMMON_BLOCKS = YES;
				GCC_OPTIMIZATION_LEVEL = 0;
				GCC_PREPROCESSOR_DEFINITIONS = (
					"DEBUG=1",
					"$(inherited)",
				);
				GCC_WARN_64_TO_32_BIT_CONVERSION = YES;
				GCC_WARN_ABOUT_RETURN_TYPE = YES_ERROR;
				GCC_WARN_UNDECLARED_SELECTOR = YES;
				GCC_WARN_UNINITIALIZED_AUTOS = YES_AGGRESSIVE;
				GCC_WARN_UNUSED_FUNCTION = YES;
				GCC_WARN_UNUSED_VARIABLE = YES;
				IPHONEOS_DEPLOYMENT_TARGET = 10.3;
				MTL_ENABLE_DEBUG_INFO = YES;
				ONLY_ACTIVE_ARCH = YES;
				SDKROOT = iphoneos;
			};
			name = Debug;
		};
		5724B95C1F9097EB00A2951D /* Release */ = {
			isa = XCBuildConfiguration;
			buildSettings = {
				ALWAYS_SEARCH_USER_PATHS = NO;
				CLANG_ANALYZER_NONNULL = YES;
				CLANG_ANALYZER_NUMBER_OBJECT_CONVERSION = YES_AGGRESSIVE;
				CLANG_CXX_LANGUAGE_STANDARD = "gnu++0x";
				CLANG_CXX_LIBRARY = "libc++";
				CLANG_ENABLE_MODULES = YES;
				CLANG_ENABLE_OBJC_ARC = YES;
				CLANG_WARN_BOOL_CONVERSION = YES;
				CLANG_WARN_CONSTANT_CONVERSION = YES;
				CLANG_WARN_DIRECT_OBJC_ISA_USAGE = YES_ERROR;
				CLANG_WARN_DOCUMENTATION_COMMENTS = YES;
				CLANG_WARN_EMPTY_BODY = YES;
				CLANG_WARN_ENUM_CONVERSION = YES;
				CLANG_WARN_INFINITE_RECURSION = YES;
				CLANG_WARN_INT_CONVERSION = YES;
				CLANG_WARN_OBJC_ROOT_CLASS = YES_ERROR;
				CLANG_WARN_SUSPICIOUS_MOVE = YES;
				CLANG_WARN_UNREACHABLE_CODE = YES;
				CLANG_WARN__DUPLICATE_METHOD_MATCH = YES;
				"CODE_SIGN_IDENTITY[sdk=iphoneos*]" = "iPhone Developer";
				COPY_PHASE_STRIP = NO;
				DEBUG_INFORMATION_FORMAT = "dwarf-with-dsym";
				ENABLE_NS_ASSERTIONS = NO;
				ENABLE_STRICT_OBJC_MSGSEND = YES;
				GCC_C_LANGUAGE_STANDARD = gnu99;
				GCC_NO_COMMON_BLOCKS = YES;
				GCC_WARN_64_TO_32_BIT_CONVERSION = YES;
				GCC_WARN_ABOUT_RETURN_TYPE = YES_ERROR;
				GCC_WARN_UNDECLARED_SELECTOR = YES;
				GCC_WARN_UNINITIALIZED_AUTOS = YES_AGGRESSIVE;
				GCC_WARN_UNUSED_FUNCTION = YES;
				GCC_WARN_UNUSED_VARIABLE = YES;
				IPHONEOS_DEPLOYMENT_TARGET = 10.3;
				MTL_ENABLE_DEBUG_INFO = NO;
				SDKROOT = iphoneos;
				VALIDATE_PRODUCT = YES;
			};
			name = Release;
		};
		5724B95E1F9097EB00A2951D /* Debug */ = {
			isa = XCBuildConfiguration;
			buildSettings = {
				ASSETCATALOG_COMPILER_APPICON_NAME = AppIcon;
				"CODE_SIGN_IDENTITY[sdk=iphoneos*]" = "iPhone Developer";
				DEVELOPMENT_TEAM = T44W49PLS6;
				INFOPLIST_FILE = Animationsss/Info.plist;
				IPHONEOS_DEPLOYMENT_TARGET = 8.1;
				LD_RUNPATH_SEARCH_PATHS = "$(inherited) @executable_path/Frameworks";
				PRODUCT_BUNDLE_IDENTIFIER = com.ld.Animationssffffs;
				PRODUCT_NAME = "$(TARGET_NAME)";
				PROVISIONING_PROFILE_SPECIFIER = "";
			};
			name = Debug;
		};
		5724B95F1F9097EB00A2951D /* Release */ = {
			isa = XCBuildConfiguration;
			buildSettings = {
				ASSETCATALOG_COMPILER_APPICON_NAME = AppIcon;
				"CODE_SIGN_IDENTITY[sdk=iphoneos*]" = "iPhone Developer";
				DEVELOPMENT_TEAM = T44W49PLS6;
				INFOPLIST_FILE = Animationsss/Info.plist;
				IPHONEOS_DEPLOYMENT_TARGET = 8.1;
				LD_RUNPATH_SEARCH_PATHS = "$(inherited) @executable_path/Frameworks";
				PRODUCT_BUNDLE_IDENTIFIER = com.ld.Animationssffffs;
				PRODUCT_NAME = "$(TARGET_NAME)";
				PROVISIONING_PROFILE_SPECIFIER = "";
			};
			name = Release;
		};
/* End XCBuildConfiguration section */

/* Begin XCConfigurationList section */
		5724B9411F9097EA00A2951D /* Build configuration list for PBXProject "Animationsss" */ = {
			isa = XCConfigurationList;
			buildConfigurations = (
				5724B95B1F9097EB00A2951D /* Debug */,
				5724B95C1F9097EB00A2951D /* Release */,
			);
			defaultConfigurationIsVisible = 0;
			defaultConfigurationName = Release;
		};
		5724B95D1F9097EB00A2951D /* Build configuration list for PBXNativeTarget "Animationsss" */ = {
			isa = XCConfigurationList;
			buildConfigurations = (
				5724B95E1F9097EB00A2951D /* Debug */,
				5724B95F1F9097EB00A2951D /* Release */,
			);
			defaultConfigurationIsVisible = 0;
			defaultConfigurationName = Release;
		};
/* End XCConfigurationList section */
	};
	rootObject = 5724B93E1F9097EA00A2951D /* Project object */;
}
